version = 1
revision = 3
requires-python = ">=3.14"

[[package]]
name = "colorama"
version = "0.4.6"
source = { registry = "https://pypi.org/simple" }
sdist = { url = "https://files.pythonhosted.org/packages/d8/53/6f443c9a4a8358a93a6792e2acffb9d9d5cb0a5cfd8802644b7b1c9a02e4/colorama-0.4.6.tar.gz", hash = "sha256:08695f5cb7ed6e0531a20572697297273c47b8cae5a63ffc6d6ed5c201be6e44", size = 27697, upload-time = "2022-10-25T02:36:22.414Z" }
wheels = [
    { url = "https://files.pythonhosted.org/packages/d1/d6/3965ed04c63042e047cb6a3e6ed1a63a35087b6a609aa3a15ed8ac56c221/colorama-0.4.6-py2.py3-none-any.whl", hash = "sha256:4f1d9991f5acc0ca119f9d443620b77f9d6b33703e51011c16baf57afb285fc6", size = 25335, upload-time = "2022-10-25T02:36:20.889Z" },
]

[[package]]
name = "fastexcel"
version = "0.20.2"
source = { registry = "https://pypi.org/simple" }
sdist = { url = "https://files.pythonhosted.org/packages/96/96/24314765a3204081a55ecc96e83dfdbd2ef82aa80a521ac3005b2c91e941/fastexcel-0.20.2.tar.gz", hash = "sha256:a4be10eb0f4dd819d2b36950b3f26bf87260b53e54150ac02b78e524c7063902", size = 60862, upload-time = "2026-05-04T12:28:36.01Z" }
wheels = [
    { url = "https://files.pythonhosted.org/packages/29/29/acc5b2eb95fb4eaeb3486b6f034f2d9754dcc0cc0b5dbc79b2fa9a31f66b/fastexcel-0.20.2-cp310-abi3-macosx_10_12_x86_64.whl", hash = "sha256:2a240b9f4b6af42cafc247c1b8c956cf32f5393a3956ad0ed49e07b2b5bf0e09", size = 3432179, upload-time = "2026-05-04T12:28:24.611Z" },
    { url = "https://files.pythonhosted.org/packages/3f/2b/f78a2df2d93ec4a23d7fc94ed967bf004d5115e1f4d2da389bb888d2cc32/fastexcel-0.20.2-cp310-abi3-macosx_11_0_arm64.whl", hash = "sha256:6c7e58cf83c873743c18006e3866d5c2b69c34df7a4a253a72e81169853ddf0e", size = 3260476, upload-time = "2026-05-04T12:28:26.191Z" },
    { url = "https://files.pythonhosted.org/packages/36/9c/a8f45e5c195a70a408893b348595bae4c113091dddba7d1b029e9c980b8e/fastexcel-0.20.2-cp310-abi3-manylinux_2_17_aarch64.manylinux2014_aarch64.whl", hash = "sha256:cdab3cc439c18c4ee14c4ec2b321e1d927cae84f557525f390a3c28517f6e721", size = 3625132, upload-time = "2026-05-04T12:28:12.173Z" },
    { url = "https://files.pythonhosted.org/packages/b4/01/da0ae9b3ee86daca5ac9f0a7b05477cf0c1624321d95f1e52492a772dba5/fastexcel-0.20.2-cp310-abi3-manylinux_2_17_x86_64.manylinux2014_x86_64.whl", hash = "sha256:15d41bcc4433bb3ab778426ecaeaf3a5f38d949555c631a83e958c57bb0a116e", size = 3789901, upload-time = "2026-05-04T12:28:13.884Z" },
    { url = "https://files.pythonhosted.org/packages/c5/15/80c614c8b07c631c7c2acd015e7f2e1cd683cd04279e5615b39c36a0e43b/fastexcel-0.20.2-cp310-abi3-musllinux_1_2_aarch64.whl", hash = "sha256:441f9b7e97b4fd1c9487e5c0a0d9cad7aa4097a39e65fcd494551f5ec3e5d02f", size = 3792388, upload-time = "2026-05-04T12:28:15.448Z" },
    { url = "https://files.pythonhosted.org/packages/c0/80/4548305ce4d70a0ecf38205988e5caeb9347dae7e5d06bcd2b939586fc52/fastexcel-0.20.2-cp310-abi3-musllinux_1_2_x86_64.whl", hash = "sha256:8b15f21baef3e4914071e34f176d8692dd79e3464c10f8373047aab1384cfaae", size = 3960316, upload-time = "2026-05-04T12:28:16.821Z" },
    { url = "https://files.pythonhosted.org/packages/22/b3/7de6b49406fda63c9fee817d5fc70fe3f52c24431605f1de2f7b0f3a0938/fastexcel-0.20.2-cp310-abi3-win_amd64.whl", hash = "sha256:ce28748390ae6a7d286ba29d8ee2badcfb6478d32ed700db6c2030de32a16e7b", size = 3275637, upload-time = "2026-05-04T12:28:30.45Z" },
    { url = "https://files.pythonhosted.org/packages/d8/3b/c251f38596d630e87280c191f53803e7409e7723e95e53a477f6760c7298/fastexcel-0.20.2-cp310-abi3-win_arm64.whl", hash = "sha256:c3e58f5053bc05b0ee8fa735056cea7af6e1c41c39fc4b2b06cc86c1025d140b", size = 2990952, upload-time = "2026-05-04T12:28:32.434Z" },
    { url = "https://files.pythonhosted.org/packages/37/d3/fcc1ba752415327f0fd5a1b52060e66f1c0bf8b7b90bbba781b91750ce7e/fastexcel-0.20.2-cp314-cp314t-macosx_10_12_x86_64.whl", hash = "sha256:e5b677d669cc7c099998ef27d9442b78d7190916d3b40418bda619cdc4ebae2c", size = 3427401, upload-time = "2026-05-04T12:28:27.741Z" },
    { url = "https://files.pythonhosted.org/packages/80/bc/e492c343c096e93e269c157fc11def297430047f1ee09db4f8a39bcdc1a0/fastexcel-0.20.2-cp314-cp314t-macosx_11_0_arm64.whl", hash = "sha256:9692ac135ede4d6fc45b25cc22f1c6bd1eb8750bda14097b7f319450c33d3124", size = 3253915, upload-time = "2026-05-04T12:28:29.053Z" },
    { url = "https://files.pythonhosted.org/packages/dd/ef/bd7b98149b50e01fdaa3b146b025ce50b8e983f35522f8e69bd94d2711a4/fastexcel-0.20.2-cp314-cp314t-manylinux_2_17_aarch64.manylinux2014_aarch64.whl", hash = "sha256:675d7eab2110bd8d5520b98d5eb3f3e15173b69a5f64b43412f917e9717e9aa0", size = 3621364, upload-time = "2026-05-04T12:28:18.457Z" },
    { url = "https://files.pythonhosted.org/packages/4c/e0/f67911db6515df326900e8ac1ae17cc08233ca5fb8f71c633f57a50cf786/fastexcel-0.20.2-cp314-cp314t-manylinux_2_17_x86_64.manylinux2014_x86_64.whl", hash = "sha256:db049d51e5323459f534ce9a65869f997bebd4dde75ef1d3b3af53dd64b8b9ca", size = 3784924, upload-time = "2026-05-04T12:28:19.955Z" },
    { url = "https://files.pythonhosted.org/packages/34/82/fabe2d1de28e89a90bb2c884c37d862b5d85063fd41fffcb56b2980d0b51/fastexcel-0.20.2-cp314-cp314t-musllinux_1_2_aarch64.whl", hash = "sha256:e5b23f69898f6a32c2f279d8f72eb8ac93c336bf7f453a9b8930cab9dc494520", size = 3791264, upload-time = "2026-05-04T12:28:21.612Z" },
    { url = "https://files.pythonhosted.org/packages/f7/34/b3ed819dd6d35d71c6640ff857c6362d42f19e8b15354e64b06f355df3a4/fastexcel-0.20.2-cp314-cp314t-musllinux_1_2_x86_64.whl", hash = "sha256:c3058d034e75967b6f01e0c82767adeb40cbf4533b6bc54e3b93f77f5f80dec4", size = 3953234, upload-time = "2026-05-04T12:28:23.224Z" },
    { url = "https://files.pythonhosted.org/packages/3a/51/1d9a72473cc213d5647d8cf7c2393ef995b3453ac5e4b544ba652d1428dd/fastexcel-0.20.2-cp314-cp314t-win_amd64.whl", hash = "sha256:d71e2a1fce006cb8bc1ae06da6ff5e5fe83e6496be5aef01b623b15aa0d0f82d", size = 3271344, upload-time = "2026-05-04T12:28:34.443Z" },
]

[[package]]
name = "iniconfig"
version = "2.3.0"
source = { registry = "https://pypi.org/simple" }
sdist = { url = "https://files.pythonhosted.org/packages/72/34/14ca021ce8e5dfedc35312d08ba8bf51fdd999c576889fc2c24cb97f4f10/iniconfig-2.3.0.tar.gz", hash = "sha256:c76315c77db068650d49c5b56314774a7804df16fee4402c1f19d6d15d8c4730", size = 20503, upload-time = "2025-10-18T21:55:43.219Z" }
wheels = [
    { url = "https://files.pythonhosted.org/packages/cb/b1/3846dd7f199d53cb17f49cba7e651e9ce294d8497c8c150530ed11865bb8/iniconfig-2.3.0-py3-none-any.whl", hash = "sha256:f631c04d2c48c52b84d0d0549c99ff3859c98df65b3101406327ecc7d53fbf12", size = 7484, upload-time = "2025-10-18T21:55:41.639Z" },
]

[[package]]
name = "packaging"
version = "26.3"
source = { registry = "https://pypi.org/simple" }
sdist = { url = "https://files.pythonhosted.org/packages/7d/fa/3944b40b07da9ce895c0e6303a5ab7d53da063554f534556b134a54d6093/packaging-26.3.tar.gz", hash = "sha256:94edc256424af38762eb31306eed28beb9f0efc50a8837492c9d6fd6004aed79", size = 313412, upload-time = "2026-08-04T18:15:28.737Z" }
wheels = [
    { url = "https://files.pythonhosted.org/packages/63/34/ba1c580383c9eada3711951fef0795c80b829a078d72188184bcab9dd527/packaging-26.3-py3-none-any.whl", hash = "sha256:d7193f7c8e4e93f444fde0262bf90af30e16fa0ad0ad44cb553c87339b23cd1c", size = 129956, upload-time = "2026-08-04T18:15:27.159Z" },
]

[[package]]
name = "pi4-imoveis-sp"
version = "0.1.0"
source = { editable = "." }
dependencies = [
    { name = "fastexcel" },
    { name = "polars" },
    { name = "pyarrow" },
]

[package.dev-dependencies]
dev = [
    { name = "pytest" },
    { name = "ruff" },
]

[package.metadata]
requires-dist = [
    { name = "fastexcel", specifier = ">=0.20.2" },
    { name = "polars", specifier = ">=1.43.2" },
    { name = "pyarrow", specifier = ">=25.0.1" },
]

[package.metadata.requires-dev]
dev = [
    { name = "pytest", specifier = ">=9.1.1" },
    { name = "ruff", specifier = ">=0.16.2" },
]

[[package]]
name = "pluggy"
version = "1.6.0"
source = { registry = "https://pypi.org/simple" }
sdist = { url = "https://files.pythonhosted.org/packages/f9/e2/3e91f31a7d2b083fe6ef3fa267035b518369d9511ffab804f839851d2779/pluggy-1.6.0.tar.gz", hash = "sha256:7dcc130b76258d33b90f61b658791dede3486c3e6bfb003ee5c9bfb396dd22f3", size = 69412, upload-time = "2025-05-15T12:30:07.975Z" }
wheels = [
    { url = "https://files.pythonhosted.org/packages/54/20/4d324d65cc6d9205fabedc306948156824eb9f0ee1633355a8f7ec5c66bf/pluggy-1.6.0-py3-none-any.whl", hash = "sha256:e920276dd6813095e9377c0bc5566d94c932c33b27a3e3945d8389c374dd4746", size = 20538, upload-time = "2025-05-15T12:30:06.134Z" },
]

[[package]]
name = "polars"
version = "1.43.2"
source = { registry = "https://pypi.org/simple" }
dependencies = [
    { name = "polars-runtime-32" },
]
sdist = { url = "https://files.pythonhosted.org/packages/89/13/3873f213304bcbaaf39e63c8b905ceb460a0524448d57f86a829f6d4d0fd/polars-1.43.2.tar.gz", hash = "sha256:c699671b99eb71ff53334d237917aaa3db5ad4dda480abcb6c80e0eaee7b677b", size = 750312, upload-time = "2026-08-01T06:28:30.872Z" }
wheels = [
    { url = "https://files.pythonhosted.org/packages/2b/fe/0888040a24e4504098b85d8ad486b14cb01cf6b030bbe479dfc2dcffc2ac/polars-1.43.2-py3-none-any.whl", hash = "sha256:22aa0cb92a1ee2d60d6a15a638b2e8e0dd99aea21ac0cd8fb29da8e382e075a9", size = 847150, upload-time = "2026-08-01T06:27:15.543Z" },
]

[[package]]
name = "polars-runtime-32"
version = "1.43.2"
source = { registry = "https://pypi.org/simple" }
sdist = { url = "https://files.pythonhosted.org/packages/d4/06/11b578eeef05f867e3ee31b2a2fdd8e7684c2aa47822c49935d1be789c38/polars_runtime_32-1.43.2.tar.gz", hash = "sha256:d7b7c486bccee75a6af0158b87077da3d054657e3c60036b28644f4e1c7fdbf7", size = 3095669, upload-time = "2026-08-01T06:28:32.315Z" }
wheels = [
    { url = "https://files.pythonhosted.org/packages/59/fc/12e6d4ca34d820297651134cfa35f86c33e898539fc6629cbb35d0089697/polars_runtime_32-1.43.2-cp310-abi3-macosx_10_12_x86_64.whl", hash = "sha256:91abf205d4ec93f92ba95386b7f8776559ae3dfce425ed2e527efa75d117d04a", size = 53088908, upload-time = "2026-08-01T06:27:18.268Z" },
    { url = "https://files.pythonhosted.org/packages/32/81/833b0853551deb810854f96b43dea342b6e6c9b0ea1afcccf774157d519d/polars_runtime_32-1.43.2-cp310-abi3-macosx_11_0_arm64.whl", hash = "sha256:2cc3ff96fd44789b02eb5c15b98dfcb000101636b177d3034fae2feec19b118f", size = 47540529, upload-time = "2026-08-01T06:27:21.391Z" },
    { url = "https://files.pythonhosted.org/packages/83/55/7b2a75af14c9294d97f3bec132dd3018ddcd988bef32b5d28322150b8c11/polars_runtime_32-1.43.2-cp310-abi3-manylinux_2_17_aarch64.manylinux2014_aarch64.whl", hash = "sha256:10ed36e615ab362feb7406e6d084e124b445ad284caa73bd93ae7e65745ed894", size = 51366340, upload-time = "2026-08-01T06:27:24.776Z" },
    { url = "https://files.pythonhosted.org/packages/62/60/64deacb3abc70c52e2d88a808a052d1621c86a48fe9194f2c065579ab1cd/polars_runtime_32-1.43.2-cp310-abi3-manylinux_2_17_x86_64.manylinux2014_x86_64.whl", hash = "sha256:6d5a7ae004a2723ebf4427f6d6a639f30f86af4cf077075f6b35d04711154fc3", size = 57304599, upload-time = "2026-08-01T06:27:27.875Z" },
    { url = "https://files.pythonhosted.org/packages/52/95/d6e3a236d7630e17c40d0ddee839bf2be9acf548fdc0e5ad65ed9ff0cac6/polars_runtime_32-1.43.2-cp310-abi3-musllinux_1_2_aarch64.whl", hash = "sha256:09339eacc6d392206e78aabbaaa37d7276eb969b798f46cb1f367fd718798c60", size = 51520580, upload-time = "2026-08-01T06:27:30.913Z" },
    { url = "https://files.pythonhosted.org/packages/b6/5a/2deb8eac70e9a2ac26d88a66ae7cf52612865026f4f4a5e7ab11ad9d52bf/polars_runtime_32-1.43.2-cp310-abi3-musllinux_1_2_x86_64.whl", hash = "sha256:452b400e59e7f56e4c6437f435e796903272a9388feee12de2bea049ae87025e", size = 55204471, upload-time = "2026-08-01T06:27:33.886Z" },
    { url = "https://files.pythonhosted.org/packages/29/9e/647401ae8a607bc0cc40ed7b8592d5b1be90ded0dc9b9d6d3aeb03f9524b/polars_runtime_32-1.43.2-cp310-abi3-win_amd64.whl", hash = "sha256:00e33c28e321410c8d66e814a90043101e3bdd9ed2c6dabda07565aa8adbbdf1", size = 52572176, upload-time = "2026-08-01T06:27:37.048Z" },
    { url = "https://files.pythonhosted.org/packages/96/8d/60a50c3f36c85218a7ffcb48c6fe2ce1f7bec799152d68b8658ebed2179c/polars_runtime_32-1.43.2-cp310-abi3-win_arm64.whl", hash = "sha256:350a4868cae85bf8b3f81b33ba47927c15256bd9264dfc8c0753f1b927eac9d3", size = 46582513, upload-time = "2026-08-01T06:27:40.025Z" },
]

[[package]]
name = "pyarrow"
version = "25.0.1"
source = { registry = "https://pypi.org/simple" }
sdist = { url = "https://files.pythonhosted.org/packages/3d/e3/27f57f80141379d60defe6703eb50a707325706f07fedfd1312c7a751995/pyarrow-25.0.1.tar.gz", hash = "sha256:9150a83248bfed9813ea3c3af74c3856c1984d444aa28e58bf7733b9750ddf6a", size = 1201653, upload-time = "2026-08-10T12:40:53.904Z" }
wheels = [
    { url = "https://files.pythonhosted.org/packages/36/4c/b525824ad3094076919273cd97db61fb3d78252dee76fa3b8dc8f76774aa/pyarrow-25.0.1-cp314-cp314-macosx_12_0_arm64.whl", hash = "sha256:bf0b672390cdcb640d7288f96b826d71ff4e9abb254a86c89890baf51a29cee6", size = 35885255, upload-time = "2026-08-10T12:39:32.366Z" },
    { url = "https://files.pythonhosted.org/packages/08/62/448bb0e940de41aec31d1a956e63ad9c54afdf122a103cc3ab20c2a3ce33/pyarrow-25.0.1-cp314-cp314-macosx_12_0_x86_64.whl", hash = "sha256:38a9a4b4b9613380e200641891495a56c3d5a98a092db4a870af9975e220471d", size = 37644461, upload-time = "2026-08-10T12:39:38.142Z" },
    { url = "https://files.pythonhosted.org/packages/6e/9a/13587e38bd4806fd218f50fd13b8903fab60588a699ff0c406372e5b4043/pyarrow-25.0.1-cp314-cp314-manylinux_2_28_aarch64.whl", hash = "sha256:0b726ad7e7b669be982b0c71c07fe4b037d654354130da79a7902a669e93a66b", size = 46877146, upload-time = "2026-08-10T12:39:43.722Z" },
    { url = "https://files.pythonhosted.org/packages/8d/61/1c5d1229fa21da4cff5365e41e57177aaac57c563c727f35419b8513d1c1/pyarrow-25.0.1-cp314-cp314-manylinux_2_28_x86_64.whl", hash = "sha256:9171748cdf796972d85a4b60157c279913e242992e350c90c7450182a9838b2a", size = 50131616, upload-time = "2026-08-10T12:39:49.304Z" },
    { url = "https://files.pythonhosted.org/packages/43/20/291e1d65cc0b09aa19f03cf25cf51a2f5fa94b5db315178f2d254ed5cad4/pyarrow-25.0.1-cp314-cp314-musllinux_1_2_aarch64.whl", hash = "sha256:b7a296aac7a71fa0886c08e155ddb6c636a50013f801f6178daafa0f9e726188", size = 50008879, upload-time = "2026-08-10T12:39:56.891Z" },
    { url = "https://files.pythonhosted.org/packages/8b/7c/1b7c9ec28e76576337e4f97b31141c9a181b89b6d1d6221e9d8205621a58/pyarrow-25.0.1-cp314-cp314-musllinux_1_2_x86_64.whl", hash = "sha256:0fe7c8b6c03969b49c8c66182e4a18e3819ab92d07cfab5d8370c531b9369ef0", size = 53170864, upload-time = "2026-08-10T12:40:04.918Z" },
    { url = "https://files.pythonhosted.org/packages/b7/75/f3d789dc06011a765d14d86bda799cf72ac1d715b6a6edecaa0d73d95062/pyarrow-25.0.1-cp314-cp314-win_amd64.whl", hash = "sha256:f729cfdbd36fd99d543b67a914d2de044c84ebe45be8b34902b299b608c15c8f", size = 28620729, upload-time = "2026-08-10T12:40:51.41Z" },
    { url = "https://files.pythonhosted.org/packages/fc/05/647a8ee6f7c2662feb6921315617bc04dcd6034763fb61b1199720bf6162/pyarrow-25.0.1-cp314-cp314t-macosx_12_0_arm64.whl", hash = "sha256:59a2de54c0cbd954da861eee4d1d330f8e909c45b53455baef696380f2c55033", size = 36130288, upload-time = "2026-08-10T12:40:11.014Z" },
    { url = "https://files.pythonhosted.org/packages/93/f8/c9ee997554d7bea94520667dd1933f109ac1da3ee3556d2b49381e023484/pyarrow-25.0.1-cp314-cp314t-macosx_12_0_x86_64.whl", hash = "sha256:35935cd5de130aa5cf4dea052a63e6bf2e17006c35c3a468194242b9b2bf5956", size = 37762187, upload-time = "2026-08-10T12:40:16.592Z" },
    { url = "https://files.pythonhosted.org/packages/a2/08/a28c01c7fe9e96e8233ce2d13df1d402f4f999f848f51d2daacd6bb4c036/pyarrow-25.0.1-cp314-cp314t-manylinux_2_28_aarch64.whl", hash = "sha256:f3831aaa25c67a99f99dc8b05873cb9d64560390372e2aa197ce9dd4a3f06a44", size = 46888003, upload-time = "2026-08-10T12:40:23.242Z" },
    { url = "https://files.pythonhosted.org/packages/1b/b9/58612e977d28dc58c878448866838369ee8da2f1e7cc8ed2c84b952aafee/pyarrow-25.0.1-cp314-cp314t-manylinux_2_28_x86_64.whl", hash = "sha256:6a1fdfc6659b6b19022f2e50627fb5cf7156a66c46bf4299379955cbe742382a", size = 50079036, upload-time = "2026-08-10T12:40:29.169Z" },
    { url = "https://files.pythonhosted.org/packages/72/13/66e1402dcc860e1dc2760b1e0292c9a569b62b3bccab69def1b3e907d006/pyarrow-25.0.1-cp314-cp314t-musllinux_1_2_aarch64.whl", hash = "sha256:169d3429d5be7c752125890620f75a60776d38b0035eddae939651640822332e", size = 50040226, upload-time = "2026-08-10T12:40:35.186Z" },
    { url = "https://files.pythonhosted.org/packages/78/10/3f1a5497a7ef732ab0f03ecca3e66d89d9c0f57fdc61b4794c456b781f01/pyarrow-25.0.1-cp314-cp314t-musllinux_1_2_x86_64.whl", hash = "sha256:119297a6dc197e45d9c6d4415f7814a67ffa36c180d26f68c154c58067ae782d", size = 53149035, upload-time = "2026-08-10T12:40:41.454Z" },
    { url = "https://files.pythonhosted.org/packages/93/c0/37d4a7e8e2f7a6076283673d5298018ca26478b934c6ee369e10505ab32c/pyarrow-25.0.1-cp314-cp314t-win_amd64.whl", hash = "sha256:4288f27577352d608ca08553b0865e4a9b3aa14820c5d95b53337218d609835b", size = 28753071, upload-time = "2026-08-10T12:40:46.623Z" },
]

[[package]]
name = "pygments"
version = "2.20.0"
source = { registry = "https://pypi.org/simple" }
sdist = { url = "https://files.pythonhosted.org/packages/c3/b2/bc9c9196916376152d655522fdcebac55e66de6603a76a02bca1b6414f6c/pygments-2.20.0.tar.gz", hash = "sha256:6757cd03768053ff99f3039c1a36d6c0aa0b263438fcab17520b30a303a82b5f", size = 4955991, upload-time = "2026-03-29T13:29:33.898Z" }
wheels = [
    { url = "https://files.pythonhosted.org/packages/f4/7e/a72dd26f3b0f4f2bf1dd8923c85f7ceb43172af56d63c7383eb62b332364/pygments-2.20.0-py3-none-any.whl", hash = "sha256:81a9e26dd42fd28a23a2d169d86d7ac03b46e2f8b59ed4698fb4785f946d0176", size = 1231151, upload-time = "2026-03-29T13:29:30.038Z" },
]

[[package]]
name = "pytest"
version = "9.1.1"
source = { registry = "https://pypi.org/simple" }
dependencies = [
    { name = "colorama", marker = "sys_platform == 'win32'" },
    { name = "iniconfig" },
    { name = "packaging" },
    { name = "pluggy" },
    { name = "pygments" },
]
sdist = { url = "https://files.pythonhosted.org/packages/e4/47/b9efed96c114afcfa3c9d3fe98a76a1d14c74a9e266d397cf6eb64be5e01/pytest-9.1.1.tar.gz", hash = "sha256:1088fbde8f2b49d95a549a195707afa7a76a3ce9bcadc26b6d71f0ffda5fe313", size = 1636369, upload-time = "2026-06-19T10:58:32.857Z" }
wheels = [
    { url = "https://files.pythonhosted.org/packages/24/25/1de2678b631f5a49215c6c96fff41ba892b0a34df68d6d80292b1b48aa7f/pytest-9.1.1-py3-none-any.whl", hash = "sha256:37a86b45efb9a47a61a36449063e8e18d0cab3161329fc099eb21783169c4f0c", size = 386536, upload-time = "2026-06-19T10:58:31.347Z" },
]

[[package]]
name = "ruff"
version = "0.16.2"
source = { registry = "https://pypi.org/simple" }
sdist = { url = "https://files.pythonhosted.org/packages/73/e1/4508a569211b35599016e84ba65c1a992b7a4004b4b6c4bea02a851cba1b/ruff-0.16.2.tar.gz", hash = "sha256:c3d7828d12e8927a6fc65fe38e2c2541b9e762d360a1786d752cb1b8883b3c9c", size = 4885811, upload-time = "2026-08-07T13:31:01.432Z" }
wheels = [
    { url = "https://files.pythonhosted.org/packages/14/57/db19951540f98859c956b50bdb4d31089b4d91e9f15e2968e7d5193806d5/ruff-0.16.2-py3-none-linux_armv6l.whl", hash = "sha256:3c8de4cf2181f01d57946d87d777aa52916976fc09942aed89938fab5e013318", size = 10847925, upload-time = "2026-08-07T13:30:14.468Z" },
    { url = "https://files.pythonhosted.org/packages/13/5a/995fe85a8470d3e391ac0f7fa8054bb454eaf33ee138196d6172ed1079c0/ruff-0.16.2-py3-none-macosx_10_12_x86_64.whl", hash = "sha256:9a48cc05c6fbc811ca81b5d7ba95375affea6582d1b8024e455e41afbbf55344", size = 11072662, upload-time = "2026-08-07T13:30:18.143Z" },
    { url = "https://files.pythonhosted.org/packages/32/53/370d767c61c71a971a4ace36703a7ecd8c393956349a7325d7fab2b56827/ruff-0.16.2-py3-none-macosx_11_0_arm64.whl", hash = "sha256:a2c0d14fcbb26c91f0f867a6dc9bd71bbc30b1b6151829c884f23faeab2e5700", size = 10566771, upload-time = "2026-08-07T13:30:20.899Z" },
    { url = "https://files.pythonhosted.org/packages/85/d6/9d96948caf5a632be62d62202d5ec914d6856f204fd79eb036e5915e79ea/ruff-0.16.2-py3-none-manylinux_2_17_aarch64.manylinux2014_aarch64.whl", hash = "sha256:335c621622c4650330be50842561c6586ac6971bb8ab5407fe34dcc9efb16bbe", size = 10975825, upload-time = "2026-08-07T13:30:23.517Z" },
    { url = "https://files.pythonhosted.org/packages/3b/92/ea87129b3414acb0b5770563779c51804d37ac67675c7ba35447ddb14773/ruff-0.16.2-py3-none-manylinux_2_17_armv7l.manylinux2014_armv7l.whl", hash = "sha256:20e66910f2c37cc753f9ef6580c914a621b80c4fa3549d3e3521e29d0f5bfc3f", size = 10649437, upload-time = "2026-08-07T13:30:26.097Z" },
    { url = "https://files.pythonhosted.org/packages/ac/43/f8f291dcd4af5bb7872b74fdfa41a7cd7c856ca1d4069670971cf1b9f5cb/ruff-0.16.2-py3-none-manylinux_2_17_i686.manylinux2014_i686.whl", hash = "sha256:c7e36fbfba65510548156902bcf1350a979a958ce0347ce0f90d73894036b39f", size = 11446761, upload-time = "2026-08-07T13:30:28.752Z" },
    { url = "https://files.pythonhosted.org/packages/71/4a/ef991fb2fcf516ab71f0808adcdd8da5e18c8cde447f4ceaf5f47a5132a5/ruff-0.16.2-py3-none-manylinux_2_17_ppc64le.manylinux2014_ppc64le.whl", hash = "sha256:f0eab35f80df8f134aae5d1630e751901321d317cc8e50dc39e36fa3ed34cd12", size = 12336364, upload-time = "2026-08-07T13:30:31.468Z" },
    { url = "https://files.pythonhosted.org/packages/f3/24/f615e74f307e6ca0e56a482872477b856c70d530aa356abfb6dfe5ca8a80/ruff-0.16.2-py3-none-manylinux_2_17_s390x.manylinux2014_s390x.whl", hash = "sha256:40ea8c0594feb894e89c8c61ab9c103d38b0ea72dfde6c594107147ca31b1140", size = 11630720, upload-time = "2026-08-07T13:30:34.426Z" },
    { url = "https://files.pythonhosted.org/packages/c5/d3/8ef50149e8412a77f7ab409efdef0e2b23803707a3863da4fc64cb23d459/ruff-0.16.2-py3-none-manylinux_2_17_x86_64.manylinux2014_x86_64.whl", hash = "sha256:ab3d62dde0b19facdd632008cc4827fc28ada7736c6bd35ab6f1050f0bfed53f", size = 11466130, upload-time = "2026-08-07T13:30:36.958Z" },
    { url = "https://files.pythonhosted.org/packages/dd/a7/a19334985c4dea8c381981fa252cd854c7ee52dc4b1686dc16f4a911c702/ruff-0.16.2-py3-none-manylinux_2_31_riscv64.whl", hash = "sha256:e43e1f5b8388da9eca1b9e88328d47a5cec794633ccf6f7484ac2dd15eee92c0", size = 11523634, upload-time = "2026-08-07T13:30:39.822Z" },
    { url = "https://files.pythonhosted.org/packages/6e/6c/96d192b0e742412ceda08c0a50f9669b253dde9fd6a60ea1a10c9fa79a63/ruff-0.16.2-py3-none-musllinux_1_2_aarch64.whl", hash = "sha256:c24788a980581e1d7ea3a0cbe4344c4fbeb0a6a9b1f4713aa46bb104f8294690", size = 10949807, upload-time = "2026-08-07T13:30:42.745Z" },
    { url = "https://files.pythonhosted.org/packages/fa/51/e26599ceca11e79ee255c7df515995561edf87e9ca1893284e44d98f5a86/ruff-0.16.2-py3-none-musllinux_1_2_armv7l.whl", hash = "sha256:81806b08329130005dd4a8a8394a0c9da8c6f4cafb16ba438d2a2ee6a18bedf1", size = 10646891, upload-time = "2026-08-07T13:30:45.522Z" },
    { url = "https://files.pythonhosted.org/packages/68/01/800c4b1f97bc8d7c6029e06b1f20473a3cf1e13c4933d8f3342add83fc55/ruff-0.16.2-py3-none-musllinux_1_2_i686.whl", hash = "sha256:4ce4e02bad779bef557f541a1b31f20d6abeae1cc05ed1b1ac019d4ffd1044c8", size = 11162063, upload-time = "2026-08-07T13:30:48.131Z" },
    { url = "https://files.pythonhosted.org/packages/e4/d0/1477ea50fc5a0d4b0b71d1d63d50770bdd794d90b43e37a7618e63ec9894/ruff-0.16.2-py3-none-musllinux_1_2_x86_64.whl", hash = "sha256:e0422abdf70070255fc4073ce9dfc814cc03db577013761ddd09bc1e4a9a4fbd", size = 11556038, upload-time = "2026-08-07T13:30:50.686Z" },
    { url = "https://files.pythonhosted.org/packages/b8/76/a7776f32048d991e16d4fa8ff91790b877342d3596cc3ed04acdbf1aaedc/ruff-0.16.2-py3-none-win32.whl", hash = "sha256:bf3a63d78fb39f4bf5ac8ae52051c5520505301abe19ba4e204c453b3f09bb0b", size = 10872850, upload-time = "2026-08-07T13:30:53.471Z" },
    { url = "https://files.pythonhosted.org/packages/00/0d/929c800d920e61397d82a01b60bffc68da3052c17d31de59efaad2e4ed75/ruff-0.16.2-py3-none-win_amd64.whl", hash = "sha256:bcabe2f6d0fc7819f1431793005af4e4de7371927d037345bf941252b195b9fa", size = 12023338, upload-time = "2026-08-07T13:30:56.193Z" },
    { url = "https://files.pythonhosted.org/packages/5b/6c/93e26c22c5f78ff87363e07da49c84955affbeb1098bd1936bf3b3f293bf/ruff-0.16.2-py3-none-win_arm64.whl", hash = "sha256:d614e95cedf38a2053fd351c55b103ba30d017d61688fdbfd40ee0412852a99f", size = 11374065, upload-time = "2026-08-07T13:30:58.775Z" },
]
